
Microsoft Visual Studio Solution File, Format Version 12.00
# Visual Studio 15
VisualStudioVersion = 15.0.28010.2048
MinimumVisualStudioVersion = 10.0.40219.1
Project("{FAE04EC0-301F-11D3-BF4B-00C04F79EFBC}") = "MyProject3", "MyProject3\MyProject3.csproj", "{F91DE9D4-1911-48B0-B581-72866C096E82}"
EndProject
Global
	GlobalSection(SolutionConfigurationPlatforms) = preSolution
		Debug|Any CPU = Debug|Any CPU
		Release|Any CPU = Release|Any CPU
	EndGlobalSection
	GlobalSection(ProjectConfigurationPlatforms) = postSolution
		{F91DE9D4-1911-48B0-B581-72866C096E82}.Debug|Any CPU.ActiveCfg = Debug|Any CPU
		{F91DE9D4-1911-48B0-B581-72866C096E82}.Debug|Any CPU.Build.0 = Debug|Any CPU
		{F91DE9D4-1911-48B0-B581-72866C096E82}.Release|Any CPU.ActiveCfg = Release|Any CPU
		{F91DE9D4-1911-48B0-B581-72866C096E82}.Release|Any CPU.Build.0 = Release|Any CPU
	EndGlobalSection
	GlobalSection(SolutionProperties) = preSolution
		HideSolutionNode = FALSE
	EndGlobalSection
	GlobalSection(ExtensibilityGlobals) = postSolution
		SolutionGuid = {C279583D-61D0-47D0-91FF-B238C40EF5E9}
	EndGlobalSection
EndGlobal
